// !$*UTF8*$!
{
	archiveVersion = 1;
	classes = {
	};
	objectVersion = 51;
	objects = {

/* Begin PBXBuildFile section */
		03084BF32830FF4D00AC6EC8 /* EditNoteViewController.swift in Sources */ = {isa = PBXBuildFile; fileRef = 03084BEF2830FF4700AC6EC8 /* EditNoteViewController.swift */; };
		03084BF42830FF4D00AC6EC8 /* ListNotesViewController.swift in Sources */ = {isa = PBXBuildFile; fileRef = 03084BF12830FF4D00AC6EC8 /* ListNotesViewController.swift */; };
		03084BF52830FF4D00AC6EC8 /* ListNoteTableViewCell.swift in Sources */ = {isa = PBXBuildFile; fileRef = 03084BF22830FF4D00AC6EC8 /* ListNoteTableViewCell.swift */; };
		03084BFA2830FFCA00AC6EC8 /* Date+Extension.swift in Sources */ = {isa = PBXBuildFile; fileRef = 03084BF82830FFC400AC6EC8 /* Date+Extension.swift */; };
		03084BFB2830FFCA00AC6EC8 /* Note.swift in Sources */ = {isa = PBXBuildFile; fileRef = 03084BF92830FFCA00AC6EC8 /* Note.swift */; };
		03084BFE2831003400AC6EC8 /* StartViewController.swift in Sources */ = {isa = PBXBuildFile; fileRef = 03084BFD2831003400AC6EC8 /* StartViewController.swift */; };
		030F888D27DEBB17004A0BE5 /* example.json in Resources */ = {isa = PBXBuildFile; fileRef = 030F888C27DEBB17004A0BE5 /* example.json */; };
		03603FFF28300D14006DE387 /* Constants.swift in Sources */ = {isa = PBXBuildFile; fileRef = 03603FFD28300D13006DE387 /* Constants.swift */; };
		0360400028300D14006DE387 /* Utilities.swift in Sources */ = {isa = PBXBuildFile; fileRef = 03603FFE28300D13006DE387 /* Utilities.swift */; };
		446184B82846A2E700BAF2CC /* CustomView.swift in Sources */ = {isa = PBXBuildFile; fileRef = 446184B72846A2E700BAF2CC /* CustomView.swift */; };
		44B3409828384CC700E57958 /* Language.swift in Sources */ = {isa = PBXBuildFile; fileRef = 44B3409728384CC700E57958 /* Language.swift */; };
		44B3409D28385F2500E57958 /* UIImageView+Extension.swift in Sources */ = {isa = PBXBuildFile; fileRef = 44B3409C28385F2500E57958 /* UIImageView+Extension.swift */; };
		44B340A0283861C700E57958 /* ActivityIndicator.swift in Sources */ = {isa = PBXBuildFile; fileRef = 44B3409F283861C700E57958 /* ActivityIndicator.swift */; };
		44B839D2283A8A2300DA93BB /* VideoCollectionViewCell.swift in Sources */ = {isa = PBXBuildFile; fileRef = 44B839D1283A8A2300DA93BB /* VideoCollectionViewCell.swift */; };
		44BA16E82846AE1300404135 /* UIFont+Extension.swift in Sources */ = {isa = PBXBuildFile; fileRef = 44BA16E72846AE1300404135 /* UIFont+Extension.swift */; };
		44BA16ED2846AE4700404135 /* Cairo-Regular.ttf in Resources */ = {isa = PBXBuildFile; fileRef = 44BA16EA2846AE4700404135 /* Cairo-Regular.ttf */; };
		44BA16EE2846AE4700404135 /* Cairo-Light.ttf in Resources */ = {isa = PBXBuildFile; fileRef = 44BA16EB2846AE4700404135 /* Cairo-Light.ttf */; };
		44BA16EF2846AE4700404135 /* Cairo-Bold.ttf in Resources */ = {isa = PBXBuildFile; fileRef = 44BA16EC2846AE4700404135 /* Cairo-Bold.ttf */; };
		44BA16F12846AEA900404135 /* CustomLabel.swift in Sources */ = {isa = PBXBuildFile; fileRef = 44BA16F02846AEA900404135 /* CustomLabel.swift */; };
		44BA16F32846BB1C00404135 /* TabBarViewController.swift in Sources */ = {isa = PBXBuildFile; fileRef = 44BA16F22846BB1C00404135 /* TabBarViewController.swift */; };
		44BA16F62847E44900404135 /* DarkModeConfiguration.swift in Sources */ = {isa = PBXBuildFile; fileRef = 44BA16F52847E44800404135 /* DarkModeConfiguration.swift */; };
		B735DAF5272F2AD600D3C4F4 /* AppDelegate.swift in Sources */ = {isa = PBXBuildFile; fileRef = B735DAF4272F2AD600D3C4F4 /* AppDelegate.swift */; };
		B735DAF7272F2AD600D3C4F4 /* SceneDelegate.swift in Sources */ = {isa = PBXBuildFile; fileRef = B735DAF6272F2AD600D3C4F4 /* SceneDelegate.swift */; };
		B735DAF9272F2AD600D3C4F4 /* ViewController.swift in Sources */ = {isa = PBXBuildFile; fileRef = B735DAF8272F2AD600D3C4F4 /* ViewController.swift */; };
		B735DAFC272F2AD600D3C4F4 /* Main.storyboard in Resources */ = {isa = PBXBuildFile; fileRef = B735DAFA272F2AD600D3C4F4 /* Main.storyboard */; };
		B735DB01272F2AD800D3C4F4 /* LaunchScreen.storyboard in Resources */ = {isa = PBXBuildFile; fileRef = B735DAFF272F2AD800D3C4F4 /* LaunchScreen.storyboard */; };
		B73B41A427B16DC70024D57B /* SignUpViewController.swift in Sources */ = {isa = PBXBuildFile; fileRef = B73B41A327B16DC70024D57B /* SignUpViewController.swift */; };
		B73B41A627B16DE90024D57B /* LoginViewController.swift in Sources */ = {isa = PBXBuildFile; fileRef = B73B41A527B16DE90024D57B /* LoginViewController.swift */; };
		B73B41A827B16E060024D57B /* HomeViewController.swift in Sources */ = {isa = PBXBuildFile; fileRef = B73B41A727B16E060024D57B /* HomeViewController.swift */; };
		B73B41B027B1BFD50024D57B /* GoogleService-Info.plist in Resources */ = {isa = PBXBuildFile; fileRef = B73B41AF27B1BFD50024D57B /* GoogleService-Info.plist */; };
		B73DBFC1284575F000E8C637 /* SettingViewController.swift in Sources */ = {isa = PBXBuildFile; fileRef = B73DBFC0284575F000E8C637 /* SettingViewController.swift */; };
		B7453FF9284923D3002C550C /* AboutUsViewController.swift in Sources */ = {isa = PBXBuildFile; fileRef = B7453FF8284923D3002C550C /* AboutUsViewController.swift */; };
		B745D72627DBF9CA002CF112 /* VideosViewController.swift in Sources */ = {isa = PBXBuildFile; fileRef = B745D72527DBF9CA002CF112 /* VideosViewController.swift */; };
		B749F0BC2834414900780C68 /* ProfileViewController.swift in Sources */ = {isa = PBXBuildFile; fileRef = B749F0BB2834414900780C68 /* ProfileViewController.swift */; };
		B749F0BE28344CB200780C68 /* Assets.xcassets in Resources */ = {isa = PBXBuildFile; fileRef = B749F0BD28344CB000780C68 /* Assets.xcassets */; };
		B74E582127D2AB6100E39622 /* DescriptionViewController.swift in Sources */ = {isa = PBXBuildFile; fileRef = B74E582027D2AB6100E39622 /* DescriptionViewController.swift */; };
		B7804F75282821AD00B961D6 /* ExampleTableViewCell.swift in Sources */ = {isa = PBXBuildFile; fileRef = B7804F73282821AD00B961D6 /* ExampleTableViewCell.swift */; };
		B7804F76282821AD00B961D6 /* ExampleTableViewCell.xib in Resources */ = {isa = PBXBuildFile; fileRef = B7804F74282821AD00B961D6 /* ExampleTableViewCell.xib */; };
		B7804F782828296600B961D6 /* ExampleViewController.swift in Sources */ = {isa = PBXBuildFile; fileRef = B7804F772828296600B961D6 /* ExampleViewController.swift */; };
		B7AE1DC028118C4100C6B3A0 /* VedioViewController.swift in Sources */ = {isa = PBXBuildFile; fileRef = B7AE1DBF28118C4100C6B3A0 /* VedioViewController.swift */; };
		B7CB32BB27C6ABC300E81065 /* CustomTableViewCell.swift in Sources */ = {isa = PBXBuildFile; fileRef = B7CB32B927C6ABC300E81065 /* CustomTableViewCell.swift */; };
		B7CB32BC27C6ABC300E81065 /* CustomTableViewCell.xib in Resources */ = {isa = PBXBuildFile; fileRef = B7CB32BA27C6ABC300E81065 /* CustomTableViewCell.xib */; };
		B7D4EB26282D86A800648852 /* LanguageCollectionViewCell.swift in Sources */ = {isa = PBXBuildFile; fileRef = B7D4EB25282D86A800648852 /* LanguageCollectionViewCell.swift */; };
		B7D4EB28282D87DD00648852 /* LanguagesViewController.swift in Sources */ = {isa = PBXBuildFile; fileRef = B7D4EB27282D87DD00648852 /* LanguagesViewController.swift */; };
		D8B17737DDC112FDBA28214C /* Pods_Project.framework in Frameworks */ = {isa = PBXBuildFile; fileRef = 7016038C9249E7BB0D404781 /* Pods_Project.framework */; };
/* End PBXBuildFile section */

/* Begin PBXFileReference section */
		03084BEF2830FF4700AC6EC8 /* EditNoteViewController.swift */ = {isa = PBXFileReference; fileEncoding = 4; lastKnownFileType = sourcecode.swift; path = EditNoteViewController.swift; sourceTree = "<group>"; };
		03084BF12830FF4D00AC6EC8 /* ListNotesViewController.swift */ = {isa = PBXFileReference; fileEncoding = 4; lastKnownFileType = sourcecode.swift; path = ListNotesViewController.swift; sourceTree = "<group>"; };
		03084BF22830FF4D00AC6EC8 /* ListNoteTableViewCell.swift */ = {isa = PBXFileReference; fileEncoding = 4; lastKnownFileType = sourcecode.swift; path = ListNoteTableViewCell.swift; sourceTree = "<group>"; };
		03084BF82830FFC400AC6EC8 /* Date+Extension.swift */ = {isa = PBXFileReference; fileEncoding = 4; lastKnownFileType = sourcecode.swift; path = "Date+Extension.swift"; sourceTree = "<group>"; };
		03084BF92830FFCA00AC6EC8 /* Note.swift */ = {isa = PBXFileReference; fileEncoding = 4; lastKnownFileType = sourcecode.swift; path = Note.swift; sourceTree = "<group>"; };
		03084BFD2831003400AC6EC8 /* StartViewController.swift */ = {isa = PBXFileReference; fileEncoding = 4; lastKnownFileType = sourcecode.swift; path = StartViewController.swift; sourceTree = "<group>"; };
		030F888C27DEBB17004A0BE5 /* example.json */ = {isa = PBXFileReference; fileEncoding = 4; lastKnownFileType = text.json; path = example.json; sourceTree = "<group>"; };
		03603FFD28300D13006DE387 /* Constants.swift */ = {isa = PBXFileReference; fileEncoding = 4; lastKnownFileType = sourcecode.swift; path = Constants.swift; sourceTree = "<group>"; };
		03603FFE28300D13006DE387 /* Utilities.swift */ = {isa = PBXFileReference; fileEncoding = 4; lastKnownFileType = sourcecode.swift; path = Utilities.swift; sourceTree = "<group>"; };
		047E97D732E1ACE32E52D75E /* Pods-ProjectTests.release.xcconfig */ = {isa = PBXFileReference; includeInIndex = 1; lastKnownFileType = text.xcconfig; name = "Pods-ProjectTests.release.xcconfig"; path = "Target Support Files/Pods-ProjectTests/Pods-ProjectTests.release.xcconfig"; sourceTree = "<group>"; };
		0A6591A12917A349C2A2112B /* Pods-Project.release.xcconfig */ = {isa = PBXFileReference; includeInIndex = 1; lastKnownFileType = text.xcconfig; name = "Pods-Project.release.xcconfig"; path = "Target Support Files/Pods-Project/Pods-Project.release.xcconfig"; sourceTree = "<group>"; };
		446184B72846A2E700BAF2CC /* CustomView.swift */ = {isa = PBXFileReference; lastKnownFileType = sourcecode.swift; path = CustomView.swift; sourceTree = "<group>"; };
		44B3409728384CC700E57958 /* Language.swift */ = {isa = PBXFileReference; lastKnownFileType = sourcecode.swift; path = Language.swift; sourceTree = "<group>"; };
		44B3409C28385F2500E57958 /* UIImageView+Extension.swift */ = {isa = PBXFileReference; lastKnownFileType = sourcecode.swift; path = "UIImageView+Extension.swift"; sourceTree = "<group>"; };
		44B3409F283861C700E57958 /* ActivityIndicator.swift */ = {isa = PBXFileReference; lastKnownFileType = sourcecode.swift; path = ActivityIndicator.swift; sourceTree = "<group>"; };
		44B839D1283A8A2300DA93BB /* VideoCollectionViewCell.swift */ = {isa = PBXFileReference; lastKnownFileType = sourcecode.swift; path = VideoCollectionViewCell.swift; sourceTree = "<group>"; };
		44BA16E72846AE1300404135 /* UIFont+Extension.swift */ = {isa = PBXFileReference; lastKnownFileType = sourcecode.swift; path = "UIFont+Extension.swift"; sourceTree = "<group>"; };
		44BA16EA2846AE4700404135 /* Cairo-Regular.ttf */ = {isa = PBXFileReference; lastKnownFileType = file; path = "Cairo-Regular.ttf"; sourceTree = "<group>"; };
		44BA16EB2846AE4700404135 /* Cairo-Light.ttf */ = {isa = PBXFileReference; lastKnownFileType = file; path = "Cairo-Light.ttf"; sourceTree = "<group>"; };
		44BA16EC2846AE4700404135 /* Cairo-Bold.ttf */ = {isa = PBXFileReference; lastKnownFileType = file; path = "Cairo-Bold.ttf"; sourceTree = "<group>"; };
		44BA16F02846AEA900404135 /* CustomLabel.swift */ = {isa = PBXFileReference; lastKnownFileType = sourcecode.swift; path = CustomLabel.swift; sourceTree = "<group>"; };
		44BA16F22846BB1C00404135 /* TabBarViewController.swift */ = {isa = PBXFileReference; lastKnownFileType = sourcecode.swift; path = TabBarViewController.swift; sourceTree = "<group>"; };
		44BA16F42847DF2100404135 /* Project-Bridging-Header.h */ = {isa = PBXFileReference; fileEncoding = 4; lastKnownFileType = sourcecode.c.h; path = "Project-Bridging-Header.h"; sourceTree = "<group>"; };
		44BA16F52847E44800404135 /* DarkModeConfiguration.swift */ = {isa = PBXFileReference; lastKnownFileType = sourcecode.swift; path = DarkModeConfiguration.swift; sourceTree = "<group>"; };
		5196845F9E5264599B4A73C2 /* Pods_ProjectTests.framework */ = {isa = PBXFileReference; explicitFileType = wrapper.framework; includeInIndex = 0; path = Pods_ProjectTests.framework; sourceTree = BUILT_PRODUCTS_DIR; };
		5C283678C0510DE281ECB2C2 /* Pods-Project.debug.xcconfig */ = {isa = PBXFileReference; includeInIndex = 1; lastKnownFileType = text.xcconfig; name = "Pods-Project.debug.xcconfig"; path = "Target Support Files/Pods-Project/Pods-Project.debug.xcconfig"; sourceTree = "<group>"; };
		6A5692E31E1C904C930144CA /* Pods-ProjectTests.debug.xcconfig */ = {isa = PBXFileReference; includeInIndex = 1; lastKnownFileType = text.xcconfig; name = "Pods-ProjectTests.debug.xcconfig"; path = "Target Support Files/Pods-ProjectTests/Pods-ProjectTests.debug.xcconfig"; sourceTree = "<group>"; };
		7016038C9249E7BB0D404781 /* Pods_Project.framework */ = {isa = PBXFileReference; explicitFileType = wrapper.framework; includeInIndex = 0; path = Pods_Project.framework; sourceTree = BUILT_PRODUCTS_DIR; };
		90B736C964553B89724E5F28 /* Pods-Project-ProjectUITests.debug.xcconfig */ = {isa = PBXFileReference; includeInIndex = 1; lastKnownFileType = text.xcconfig; name = "Pods-Project-ProjectUITests.debug.xcconfig"; path = "Target Support Files/Pods-Project-ProjectUITests/Pods-Project-ProjectUITests.debug.xcconfig"; sourceTree = "<group>"; };
		938FD88096FE96A7E310CFE0 /* Pods_Project_ProjectUITests.framework */ = {isa = PBXFileReference; explicitFileType = wrapper.framework; includeInIndex = 0; path = Pods_Project_ProjectUITests.framework; sourceTree = BUILT_PRODUCTS_DIR; };
		9D596473093176EC33D12BC5 /* Pods-Project-ProjectUITests.release.xcconfig */ = {isa = PBXFileReference; includeInIndex = 1; lastKnownFileType = text.xcconfig; name = "Pods-Project-ProjectUITests.release.xcconfig"; path = "Target Support Files/Pods-Project-ProjectUITests/Pods-Project-ProjectUITests.release.xcconfig"; sourceTree = "<group>"; };
		B735DAF1272F2AD600D3C4F4 /* Project.app */ = {isa = PBXFileReference; explicitFileType = wrapper.application; includeInIndex = 0; path = Project.app; sourceTree = BUILT_PRODUCTS_DIR; };
		B735DAF4272F2AD600D3C4F4 /* AppDelegate.swift */ = {isa = PBXFileReference; lastKnownFileType = sourcecode.swift; path = AppDelegate.swift; sourceTree = "<group>"; };
		B735DAF6272F2AD600D3C4F4 /* SceneDelegate.swift */ = {isa = PBXFileReference; lastKnownFileType = sourcecode.swift; path = SceneDelegate.swift; sourceTree = "<group>"; };
		B735DAF8272F2AD600D3C4F4 /* ViewController.swift */ = {isa = PBXFileReference; lastKnownFileType = sourcecode.swift; path = ViewController.swift; sourceTree = "<group>"; };
		B735DAFB272F2AD600D3C4F4 /* Base */ = {isa = PBXFileReference; lastKnownFileType = file.storyboard; name = Base; path = Base.lproj/Main.storyboard; sourceTree = "<group>"; };
		B735DB00272F2AD800D3C4F4 /* Base */ = {isa = PBXFileReference; lastKnownFileType = file.storyboard; name = Base; path = Base.lproj/LaunchScreen.storyboard; sourceTree = "<group>"; };
		B735DB02272F2AD800D3C4F4 /* Info.plist */ = {isa = PBXFileReference; lastKnownFileType = text.plist.xml; path = Info.plist; sourceTree = "<group>"; };
		B73B41A327B16DC70024D57B /* SignUpViewController.swift */ = {isa = PBXFileReference; lastKnownFileType = sourcecode.swift; path = SignUpViewController.swift; sourceTree = "<group>"; };
		B73B41A527B16DE90024D57B /* LoginViewController.swift */ = {isa = PBXFileReference; lastKnownFileType = sourcecode.swift; path = LoginViewController.swift; sourceTree = "<group>"; };
		B73B41A727B16E060024D57B /* HomeViewController.swift */ = {isa = PBXFileReference; lastKnownFileType = sourcecode.swift; path = HomeViewController.swift; sourceTree = "<group>"; };
		B73B41AF27B1BFD50024D57B /* GoogleService-Info.plist */ = {isa = PBXFileReference; fileEncoding = 4; lastKnownFileType = text.plist.xml; path = "GoogleService-Info.plist"; sourceTree = "<group>"; };
		B73DBFC0284575F000E8C637 /* SettingViewController.swift */ = {isa = PBXFileReference; lastKnownFileType = sourcecode.swift; path = SettingViewController.swift; sourceTree = "<group>"; };
		B7453FF8284923D3002C550C /* AboutUsViewController.swift */ = {isa = PBXFileReference; lastKnownFileType = sourcecode.swift; path = AboutUsViewController.swift; sourceTree = "<group>"; };
		B745D72527DBF9CA002CF112 /* VideosViewController.swift */ = {isa = PBXFileReference; lastKnownFileType = sourcecode.swift; path = VideosViewController.swift; sourceTree = "<group>"; };
		B749F0BB2834414900780C68 /* ProfileViewController.swift */ = {isa = PBXFileReference; lastKnownFileType = sourcecode.swift; path = ProfileViewController.swift; sourceTree = "<group>"; };
		B749F0BD28344CB000780C68 /* Assets.xcassets */ = {isa = PBXFileReference; lastKnownFileType = folder.assetcatalog; path = Assets.xcassets; sourceTree = "<group>"; };
		B74E582027D2AB6100E39622 /* DescriptionViewController.swift */ = {isa = PBXFileReference; lastKnownFileType = sourcecode.swift; path = DescriptionViewController.swift; sourceTree = "<group>"; };
		B7804F73282821AD00B961D6 /* ExampleTableViewCell.swift */ = {isa = PBXFileReference; lastKnownFileType = sourcecode.swift; path = ExampleTableViewCell.swift; sourceTree = "<group>"; };
		B7804F74282821AD00B961D6 /* ExampleTableViewCell.xib */ = {isa = PBXFileReference; lastKnownFileType = file.xib; path = ExampleTableViewCell.xib; sourceTree = "<group>"; };
		B7804F772828296600B961D6 /* ExampleViewController.swift */ = {isa = PBXFileReference; lastKnownFileType = sourcecode.swift; path = ExampleViewController.swift; sourceTree = "<group>"; };
		B7AE1DBF28118C4100C6B3A0 /* VedioViewController.swift */ = {isa = PBXFileReference; lastKnownFileType = sourcecode.swift; path = VedioViewController.swift; sourceTree = "<group>"; };
		B7CB32B927C6ABC300E81065 /* CustomTableViewCell.swift */ = {isa = PBXFileReference; lastKnownFileType = sourcecode.swift; path = CustomTableViewCell.swift; sourceTree = "<group>"; };
		B7CB32BA27C6ABC300E81065 /* CustomTableViewCell.xib */ = {isa = PBXFileReference; lastKnownFileType = file.xib; path = CustomTableViewCell.xib; sourceTree = "<group>"; };
		B7D4EB25282D86A800648852 /* LanguageCollectionViewCell.swift */ = {isa = PBXFileReference; lastKnownFileType = sourcecode.swift; path = LanguageCollectionViewCell.swift; sourceTree = "<group>"; };
		B7D4EB27282D87DD00648852 /* LanguagesViewController.swift */ = {isa = PBXFileReference; lastKnownFileType = sourcecode.swift; path = LanguagesViewController.swift; sourceTree = "<group>"; };
/* End PBXFileReference section */

/* Begin PBXFrameworksBuildPhase section */
		B735DAEE272F2AD500D3C4F4 /* Frameworks */ = {
			isa = PBXFrameworksBuildPhase;
			buildActionMask = 2147483647;
			files = (
				D8B17737DDC112FDBA28214C /* Pods_Project.framework in Frameworks */,
			);
			runOnlyForDeploymentPostprocessing = 0;
		};
/* End PBXFrameworksBuildPhase section */

/* Begin PBXGroup section */
		03084BED2830FE7A00AC6EC8 /* Note */ = {
			isa = PBXGroup;
			children = (
				03084BF72830FF6B00AC6EC8 /* Extensions */,
				03084BF62830FF5B00AC6EC8 /* Models */,
				03084BEE2830FF4700AC6EC8 /* EditNote */,
				03084BF02830FF4D00AC6EC8 /* ListNotes */,
			);
			name = Note;
			sourceTree = "<group>";
		};
		03084BEE2830FF4700AC6EC8 /* EditNote */ = {
			isa = PBXGroup;
			children = (
				03084BEF2830FF4700AC6EC8 /* EditNoteViewController.swift */,
			);
			path = EditNote;
			sourceTree = "<group>";
		};
		03084BF02830FF4D00AC6EC8 /* ListNotes */ = {
			isa = PBXGroup;
			children = (
				03084BF12830FF4D00AC6EC8 /* ListNotesViewController.swift */,
				03084BF22830FF4D00AC6EC8 /* ListNoteTableViewCell.swift */,
			);
			path = ListNotes;
			sourceTree = "<group>";
		};
		03084BF62830FF5B00AC6EC8 /* Models */ = {
			isa = PBXGroup;
			children = (
				03084BF92830FFCA00AC6EC8 /* Note.swift */,
			);
			name = Models;
			path = "New Group";
			sourceTree = "<group>";
		};
		03084BF72830FF6B00AC6EC8 /* Extensions */ = {
			isa = PBXGroup;
			children = (
				03084BF82830FFC400AC6EC8 /* Date+Extension.swift */,
			);
			name = Extensions;
			path = "New Group1";
			sourceTree = "<group>";
		};
		03084BFC2830FFE800AC6EC8 /* StartViewController */ = {
			isa = PBXGroup;
			children = (
				03084BFD2831003400AC6EC8 /* StartViewController.swift */,
				B73B41A327B16DC70024D57B /* SignUpViewController.swift */,
				B73B41A527B16DE90024D57B /* LoginViewController.swift */,
			);
			name = StartViewController;
			sourceTree = "<group>";
		};
		1C703319345B0542A616EC5D /* Frameworks */ = {
			isa = PBXGroup;
			children = (
				7016038C9249E7BB0D404781 /* Pods_Project.framework */,
				938FD88096FE96A7E310CFE0 /* Pods_Project_ProjectUITests.framework */,
				5196845F9E5264599B4A73C2 /* Pods_ProjectTests.framework */,
			);
			name = Frameworks;
			sourceTree = "<group>";
		};
		44B3409428384C6700E57958 /* Model */ = {
			isa = PBXGroup;
			children = (
				44B3409728384CC700E57958 /* Language.swift */,
			);
			name = Model;
			sourceTree = "<group>";
		};
		44B3409B28385F1700E57958 /* Extensions */ = {
			isa = PBXGroup;
			children = (
				44B3409C28385F2500E57958 /* UIImageView+Extension.swift */,
			);
			name = Extensions;
			sourceTree = "<group>";
		};
		44B3409E283861B300E57958 /* Helpers */ = {
			isa = PBXGroup;
			children = (
				44BA16E92846AE4700404135 /* Fonts */,
				03603FFD28300D13006DE387 /* Constants.swift */,
				03603FFE28300D13006DE387 /* Utilities.swift */,
				44B3409F283861C700E57958 /* ActivityIndicator.swift */,
				446184B72846A2E700BAF2CC /* CustomView.swift */,
				44BA16E72846AE1300404135 /* UIFont+Extension.swift */,
				44BA16F02846AEA900404135 /* CustomLabel.swift */,
				44BA16F52847E44800404135 /* DarkModeConfiguration.swift */,
			);
			name = Helpers;
			sourceTree = "<group>";
		};
		44BA16E92846AE4700404135 /* Fonts */ = {
			isa = PBXGroup;
			children = (
				44BA16EA2846AE4700404135 /* Cairo-Regular.ttf */,
				44BA16EB2846AE4700404135 /* Cairo-Light.ttf */,
				44BA16EC2846AE4700404135 /* Cairo-Bold.ttf */,
			);
			path = Fonts;
			sourceTree = "<group>";
		};
		838D050C2D5A652FA39B34F5 /* Pods */ = {
			isa = PBXGroup;
			children = (
				5C283678C0510DE281ECB2C2 /* Pods-Project.debug.xcconfig */,
				0A6591A12917A349C2A2112B /* Pods-Project.release.xcconfig */,
				90B736C964553B89724E5F28 /* Pods-Project-ProjectUITests.debug.xcconfig */,
				9D596473093176EC33D12BC5 /* Pods-Project-ProjectUITests.release.xcconfig */,
				6A5692E31E1C904C930144CA /* Pods-ProjectTests.debug.xcconfig */,
				047E97D732E1ACE32E52D75E /* Pods-ProjectTests.release.xcconfig */,
			);
			path = Pods;
			sourceTree = "<group>";
		};
		B70C108D28478CF6009FB380 /* Example */ = {
			isa = PBXGroup;
			children = (
				B7804F772828296600B961D6 /* ExampleViewController.swift */,
			);
			name = Example;
			sourceTree = "<group>";
		};
		B735DAE8272F2AD500D3C4F4 = {
			isa = PBXGroup;
			children = (
				B735DAF3272F2AD600D3C4F4 /* Project */,
				B735DAF2272F2AD600D3C4F4 /* Products */,
				838D050C2D5A652FA39B34F5 /* Pods */,
				1C703319345B0542A616EC5D /* Frameworks */,
			);
			sourceTree = "<group>";
		};
		B735DAF2272F2AD600D3C4F4 /* Products */ = {
			isa = PBXGroup;
			children = (
				B735DAF1272F2AD600D3C4F4 /* Project.app */,
			);
			name = Products;
			sourceTree = "<group>";
		};
		B735DAF3272F2AD600D3C4F4 /* Project */ = {
			isa = PBXGroup;
			children = (
				44BA16F42847DF2100404135 /* Project-Bridging-Header.h */,
				44B3409E283861B300E57958 /* Helpers */,
				44B3409B28385F1700E57958 /* Extensions */,
				44B3409428384C6700E57958 /* Model */,
				B73B41A927B16E220024D57B /* View Controllers */,
				B7CB32BD27C6ACAE00E81065 /* TableViewLanguage */,
				B7804F72282820F300B961D6 /* TableViewEX */,
				B735DAF4272F2AD600D3C4F4 /* AppDelegate.swift */,
				B735DAF6272F2AD600D3C4F4 /* SceneDelegate.swift */,
				B735DAF8272F2AD600D3C4F4 /* ViewController.swift */,
				B735DAFA272F2AD600D3C4F4 /* Main.storyboard */,
				B735DAFF272F2AD800D3C4F4 /* LaunchScreen.storyboard */,
				B735DB02272F2AD800D3C4F4 /* Info.plist */,
				B749F0BD28344CB000780C68 /* Assets.xcassets */,
				B73B41AF27B1BFD50024D57B /* GoogleService-Info.plist */,
				030F888C27DEBB17004A0BE5 /* example.json */,
			);
			path = Project;
			sourceTree = "<group>";
		};
		B73B41A927B16E220024D57B /* View Controllers */ = {
			isa = PBXGroup;
			children = (
				03084BFC2830FFE800AC6EC8 /* StartViewController */,
				B73DBFC32845765E00E8C637 /* Home Language */,
				B73DBFC22845761C00E8C637 /* Video */,
				B70C108D28478CF6009FB380 /* Example */,
				B73DBFC6284577A300E8C637 /* Setting */,
				03084BED2830FE7A00AC6EC8 /* Note */,
				B749F0BB2834414900780C68 /* ProfileViewController.swift */,
				44BA16F22846BB1C00404135 /* TabBarViewController.swift */,
				B7453FF8284923D3002C550C /* AboutUsViewController.swift */,
				B73B41A727B16E060024D57B /* HomeViewController.swift */,
				B74E582027D2AB6100E39622 /* DescriptionViewController.swift */,
				B7AE1DBF28118C4100C6B3A0 /* VedioViewController.swift */,
			);
			name = "View Controllers";
			sourceTree = "<group>";
		};
		B73DBFC22845761C00E8C637 /* Video */ = {
			isa = PBXGroup;
			children = (
				B745D72527DBF9CA002CF112 /* VideosViewController.swift */,
				44B839D1283A8A2300DA93BB /* VideoCollectionViewCell.swift */,
			);
			name = Video;
			sourceTree = "<group>";
		};
		B73DBFC32845765E00E8C637 /* Home Language */ = {
			isa = PBXGroup;
			children = (
				B7D4EB25282D86A800648852 /* LanguageCollectionViewCell.swift */,
				B7D4EB27282D87DD00648852 /* LanguagesViewController.swift */,
			);
			name = "Home Language";
			sourceTree = "<group>";
		};
		B73DBFC6284577A300E8C637 /* Setting */ = {
			isa = PBXGroup;
			children = (
				B73DBFC0284575F000E8C637 /* SettingViewController.swift */,
			);
			name = Setting;
			sourceTree = "<group>";
		};
		B7804F72282820F300B961D6 /* TableViewEX */ = {
			isa = PBXGroup;
			children = (
				B7804F73282821AD00B961D6 /* ExampleTableViewCell.swift */,
				B7804F74282821AD00B961D6 /* ExampleTableViewCell.xib */,
			);
			name = TableViewEX;
			sourceTree = "<group>";
		};
		B7CB32BD27C6ACAE00E81065 /* TableViewLanguage */ = {
			isa = PBXGroup;
			children = (
				B7CB32B927C6ABC300E81065 /* CustomTableViewCell.swift */,
				B7CB32BA27C6ABC300E81065 /* CustomTableViewCell.xib */,
			);
			name = TableViewLanguage;
			sourceTree = "<group>";
		};
/* End PBXGroup section */

/* Begin PBXNativeTarget section */
		B735DAF0272F2AD500D3C4F4 /* Project */ = {
			isa = PBXNativeTarget;
			buildConfigurationList = B735DB1B272F2AD800D3C4F4 /* Build configuration list for PBXNativeTarget "Project" */;
			buildPhases = (
				A7BDF7537B423DDEE4C8D7B5 /* [CP] Check Pods Manifest.lock */,
				B735DAED272F2AD500D3C4F4 /* Sources */,
				B735DAEE272F2AD500D3C4F4 /* Frameworks */,
				B735DAEF272F2AD500D3C4F4 /* Resources */,
				C788A6325CAAB53B75E8A248 /* [CP] Embed Pods Frameworks */,
			);
			buildRules = (
			);
			dependencies = (
			);
			name = Project;
			productName = Project;
			productReference = B735DAF1272F2AD600D3C4F4 /* Project.app */;
			productType = "com.apple.product-type.application";
		};
/* End PBXNativeTarget section */

/* Begin PBXProject section */
		B735DAE9272F2AD500D3C4F4 /* Project object */ = {
			isa = PBXProject;
			attributes = {
				LastSwiftUpdateCheck = 1160;
				LastUpgradeCheck = 1160;
				ORGANIZATIONNAME = "Asma hassan";
				TargetAttributes = {
					B735DAF0272F2AD500D3C4F4 = {
						CreatedOnToolsVersion = 11.6;
						LastSwiftMigration = 1160;
					};
				};
			};
			buildConfigurationList = B735DAEC272F2AD500D3C4F4 /* Build configuration list for PBXProject "Project" */;
			compatibilityVersion = "Xcode 9.3";
			developmentRegion = en;
			hasScannedForEncodings = 0;
			knownRegions = (
				en,
				Base,
			);
			mainGroup = B735DAE8272F2AD500D3C4F4;
			productRefGroup = B735DAF2272F2AD600D3C4F4 /* Products */;
			projectDirPath = "";
			projectRoot = "";
			targets = (
				B735DAF0272F2AD500D3C4F4 /* Project */,
			);
		};
/* End PBXProject section */

/* Begin PBXResourcesBuildPhase section */
		B735DAEF272F2AD500D3C4F4 /* Resources */ = {
			isa = PBXResourcesBuildPhase;
			buildActionMask = 2147483647;
			files = (
				B735DB01272F2AD800D3C4F4 /* LaunchScreen.storyboard in Resources */,
				B7CB32BC27C6ABC300E81065 /* CustomTableViewCell.xib in Resources */,
				44BA16ED2846AE4700404135 /* Cairo-Regular.ttf in Resources */,
				B749F0BE28344CB200780C68 /* Assets.xcassets in Resources */,
				030F888D27DEBB17004A0BE5 /* example.json in Resources */,
				B73B41B027B1BFD50024D57B /* GoogleService-Info.plist in Resources */,
				44BA16EF2846AE4700404135 /* Cairo-Bold.ttf in Resources */,
				B7804F76282821AD00B961D6 /* ExampleTableViewCell.xib in Resources */,
				44BA16EE2846AE4700404135 /* Cairo-Light.ttf in Resources */,
				B735DAFC272F2AD600D3C4F4 /* Main.storyboard in Resources */,
			);
			runOnlyForDeploymentPostprocessing = 0;
		};
/* End PBXResourcesBuildPhase section */

/* Begin PBXShellScriptBuildPhase section */
		A7BDF7537B423DDEE4C8D7B5 /* [CP] Check Pods Manifest.lock */ = {
			isa = PBXShellScriptBuildPhase;
			buildActionMask = 2147483647;
			files = (
			);
			inputFileListPaths = (
			);
			inputPaths = (
				"${PODS_PODFILE_DIR_PATH}/Podfile.lock",
				"${PODS_ROOT}/Manifest.lock",
			);
			name = "[CP] Check Pods Manifest.lock";
			outputFileListPaths = (
			);
			outputPaths = (
				"$(DERIVED_FILE_DIR)/Pods-Project-checkManifestLockResult.txt",
			);
			runOnlyForDeploymentPostprocessing = 0;
			shellPath = /bin/sh;
			shellScript = "diff \"${PODS_PODFILE_DIR_PATH}/Podfile.lock\" \"${PODS_ROOT}/Manifest.lock\" > /dev/null\nif [ $? != 0 ] ; then\n    # print error to STDERR\n    echo \"error: The sandbox is not in sync with the Podfile.lock. Run 'pod install' or update your CocoaPods installation.\" >&2\n    exit 1\nfi\n# This output is used by Xcode 'outputs' to avoid re-running this script phase.\necho \"SUCCESS\" > \"${SCRIPT_OUTPUT_FILE_0}\"\n";
			showEnvVarsInLog = 0;
		};
		C788A6325CAAB53B75E8A248 /* [CP] Embed Pods Frameworks */ = {
			isa = PBXShellScriptBuildPhase;
			buildActionMask = 2147483647;
			files = (
			);
			inputFileListPaths = (
				"${PODS_ROOT}/Target Support Files/Pods-Project/Pods-Project-frameworks-${CONFIGURATION}-input-files.xcfilelist",
			);
			name = "[CP] Embed Pods Frameworks";
			outputFileListPaths = (
				"${PODS_ROOT}/Target Support Files/Pods-Project/Pods-Project-frameworks-${CONFIGURATION}-output-files.xcfilelist",
			);
			runOnlyForDeploymentPostprocessing = 0;
			shellPath = /bin/sh;
			shellScript = "\"${PODS_ROOT}/Target Support Files/Pods-Project/Pods-Project-frameworks.sh\"\n";
			showEnvVarsInLog = 0;
		};
/* End PBXShellScriptBuildPhase section */

/* Begin PBXSourcesBuildPhase section */
		B735DAED272F2AD500D3C4F4 /* Sources */ = {
			isa = PBXSourcesBuildPhase;
			buildActionMask = 2147483647;
			files = (
				44BA16F32846BB1C00404135 /* TabBarViewController.swift in Sources */,
				03084BF32830FF4D00AC6EC8 /* EditNoteViewController.swift in Sources */,
				03084BFA2830FFCA00AC6EC8 /* Date+Extension.swift in Sources */,
				44B3409D28385F2500E57958 /* UIImageView+Extension.swift in Sources */,
				03084BFB2830FFCA00AC6EC8 /* Note.swift in Sources */,
				B7CB32BB27C6ABC300E81065 /* CustomTableViewCell.swift in Sources */,
				03603FFF28300D14006DE387 /* Constants.swift in Sources */,
				B735DAF9272F2AD600D3C4F4 /* ViewController.swift in Sources */,
				B735DAF5272F2AD600D3C4F4 /* AppDelegate.swift in Sources */,
				B73B41A427B16DC70024D57B /* SignUpViewController.swift in Sources */,
				B7AE1DC028118C4100C6B3A0 /* VedioViewController.swift in Sources */,
				446184B82846A2E700BAF2CC /* CustomView.swift in Sources */,
				B7453FF9284923D3002C550C /* AboutUsViewController.swift in Sources */,
				B73B41A627B16DE90024D57B /* LoginViewController.swift in Sources */,
				B7D4EB28282D87DD00648852 /* LanguagesViewController.swift in Sources */,
				B735DAF7272F2AD600D3C4F4 /* SceneDelegate.swift in Sources */,
				B7804F75282821AD00B961D6 /* ExampleTableViewCell.swift in Sources */,
				B74E582127D2AB6100E39622 /* DescriptionViewController.swift in Sources */,
				44B340A0283861C700E57958 /* ActivityIndicator.swift in Sources */,
				44BA16F12846AEA900404135 /* CustomLabel.swift in Sources */,
				B7D4EB26282D86A800648852 /* LanguageCollectionViewCell.swift in Sources */,
				44BA16E82846AE1300404135 /* UIFont+Extension.swift in Sources */,
				44B839D2283A8A2300DA93BB /* VideoCollectionViewCell.swift in Sources */,
				03084BFE2831003400AC6EC8 /* StartViewController.swift in Sources */,
				B73DBFC1284575F000E8C637 /* SettingViewController.swift in Sources */,
				B73B41A827B16E060024D57B /* HomeViewController.swift in Sources */,
				03084BF42830FF4D00AC6EC8 /* ListNotesViewController.swift in Sources */,
				B745D72627DBF9CA002CF112 /* VideosViewController.swift in Sources */,
				44B3409828384CC700E57958 /* Language.swift in Sources */,
				0360400028300D14006DE387 /* Utilities.swift in Sources */,
				B749F0BC2834414900780C68 /* ProfileViewController.swift in Sources */,
				B7804F782828296600B961D6 /* ExampleViewController.swift in Sources */,
				03084BF52830FF4D00AC6EC8 /* ListNoteTableViewCell.swift in Sources */,
				44BA16F62847E44900404135 /* DarkModeConfiguration.swift in Sources */,
			);
			runOnlyForDeploymentPostprocessing = 0;
		};
/* End PBXSourcesBuildPhase section */

/* Begin PBXVariantGroup section */
		B735DAFA272F2AD600D3C4F4 /* Main.storyboard */ = {
			isa = PBXVariantGroup;
			children = (
				B735DAFB272F2AD600D3C4F4 /* Base */,
			);
			name = Main.storyboard;
			sourceTree = "<group>";
		};
		B735DAFF272F2AD800D3C4F4 /* LaunchScreen.storyboard */ = {
			isa = PBXVariantGroup;
			children = (
				B735DB00272F2AD800D3C4F4 /* Base */,
			);
			name = LaunchScreen.storyboard;
			sourceTree = "<group>";
		};
/* End PBXVariantGroup section */

/* Begin XCBuildConfiguration section */
		B735DB19272F2AD800D3C4F4 /* Debug */ = {
			isa = XCBuildConfiguration;
			buildSettings = {
				ALWAYS_SEARCH_USER_PATHS = NO;
				CLANG_ANALYZER_NONNULL = YES;
				CLANG_ANALYZER_NUMBER_OBJECT_CONVERSION = YES_AGGRESSIVE;
				CLANG_CXX_LANGUAGE_STANDARD = "gnu++14";
				CLANG_CXX_LIBRARY = "libc++";
				CLANG_ENABLE_MODULES = YES;
				CLANG_ENABLE_OBJC_ARC = YES;
				CLANG_ENABLE_OBJC_WEAK = YES;
				CLANG_WARN_BLOCK_CAPTURE_AUTORELEASING = YES;
				CLANG_WARN_BOOL_CONVERSION = YES;
				CLANG_WARN_COMMA = YES;
				CLANG_WARN_CONSTANT_CONVERSION = YES;
				CLANG_WARN_DEPRECATED_OBJC_IMPLEMENTATIONS = YES;
				CLANG_WARN_DIRECT_OBJC_ISA_USAGE = YES_ERROR;
				CLANG_WARN_DOCUMENTATION_COMMENTS = YES;
				CLANG_WARN_EMPTY_BODY = YES;
				CLANG_WARN_ENUM_CONVERSION = YES;
				CLANG_WARN_INFINITE_RECURSION = YES;
				CLANG_WARN_INT_CONVERSION = YES;
				CLANG_WARN_NON_LITERAL_NULL_CONVERSION = YES;
				CLANG_WARN_OBJC_IMPLICIT_RETAIN_SELF = YES;
				CLANG_WARN_OBJC_LITERAL_CONVERSION = YES;
				CLANG_WARN_OBJC_ROOT_CLASS = YES_ERROR;
				CLANG_WARN_RANGE_LOOP_ANALYSIS = YES;
				CLANG_WARN_STRICT_PROTOTYPES = YES;
				CLANG_WARN_SUSPICIOUS_MOVE = YES;
				CLANG_WARN_UNGUARDED_AVAILABILITY = YES_AGGRESSIVE;
				CLANG_WARN_UNREACHABLE_CODE = YES;
				CLANG_WARN__DUPLICATE_METHOD_MATCH = YES;
				COPY_PHASE_STRIP = NO;
				DEBUG_INFORMATION_FORMAT = dwarf;
				ENABLE_STRICT_OBJC_MSGSEND = YES;
				ENABLE_TESTABILITY = YES;
				GCC_C_LANGUAGE_STANDARD = gnu11;
				GCC_DYNAMIC_NO_PIC = NO;
				GCC_NO_COMMON_BLOCKS = YES;
				GCC_OPTIMIZATION_LEVEL = 0;
				GCC_PREPROCESSOR_DEFINITIONS = (
					"DEBUG=1",
					"$(inherited)",
				);
				GCC_WARN_64_TO_32_BIT_CONVERSION = YES;
				GCC_WARN_ABOUT_RETURN_TYPE = YES_ERROR;
				GCC_WARN_UNDECLARED_SELECTOR = YES;
				GCC_WARN_UNINITIALIZED_AUTOS = YES_AGGRESSIVE;
				GCC_WARN_UNUSED_FUNCTION = YES;
				GCC_WARN_UNUSED_VARIABLE = YES;
				IPHONEOS_DEPLOYMENT_TARGET = 13.6;
				MTL_ENABLE_DEBUG_INFO = INCLUDE_SOURCE;
				MTL_FAST_MATH = YES;
				ONLY_ACTIVE_ARCH = YES;
				SDKROOT = iphoneos;
				SWIFT_ACTIVE_COMPILATION_CONDITIONS = DEBUG;
				SWIFT_OPTIMIZATION_LEVEL = "-Onone";
			};
			name = Debug;
		};
		B735DB1A272F2AD800D3C4F4 /* Release */ = {
			isa = XCBuildConfiguration;
			buildSettings = {
				ALWAYS_SEARCH_USER_PATHS = NO;
				CLANG_ANALYZER_NONNULL = YES;
				CLANG_ANALYZER_NUMBER_OBJECT_CONVERSION = YES_AGGRESSIVE;
				CLANG_CXX_LANGUAGE_STANDARD = "gnu++14";
				CLANG_CXX_LIBRARY = "libc++";
				CLANG_ENABLE_MODULES = YES;
				CLANG_ENABLE_OBJC_ARC = YES;
				CLANG_ENABLE_OBJC_WEAK = YES;
				CLANG_WARN_BLOCK_CAPTURE_AUTORELEASING = YES;
				CLANG_WARN_BOOL_CONVERSION = YES;
				CLANG_WARN_COMMA = YES;
				CLANG_WARN_CONSTANT_CONVERSION = YES;
				CLANG_WARN_DEPRECATED_OBJC_IMPLEMENTATIONS = YES;
				CLANG_WARN_DIRECT_OBJC_ISA_USAGE = YES_ERROR;
				CLANG_WARN_DOCUMENTATION_COMMENTS = YES;
				CLANG_WARN_EMPTY_BODY = YES;
				CLANG_WARN_ENUM_CONVERSION = YES;
				CLANG_WARN_INFINITE_RECURSION = YES;
				CLANG_WARN_INT_CONVERSION = YES;
				CLANG_WARN_NON_LITERAL_NULL_CONVERSION = YES;
				CLANG_WARN_OBJC_IMPLICIT_RETAIN_SELF = YES;
				CLANG_WARN_OBJC_LITERAL_CONVERSION = YES;
				CLANG_WARN_OBJC_ROOT_CLASS = YES_ERROR;
				CLANG_WARN_RANGE_LOOP_ANALYSIS = YES;
				CLANG_WARN_STRICT_PROTOTYPES = YES;
				CLANG_WARN_SUSPICIOUS_MOVE = YES;
				CLANG_WARN_UNGUARDED_AVAILABILITY = YES_AGGRESSIVE;
				CLANG_WARN_UNREACHABLE_CODE = YES;
				CLANG_WARN__DUPLICATE_METHOD_MATCH = YES;
				COPY_PHASE_STRIP = NO;
				DEBUG_INFORMATION_FORMAT = "dwarf-with-dsym";
				ENABLE_NS_ASSERTIONS = NO;
				ENABLE_STRICT_OBJC_MSGSEND = YES;
				GCC_C_LANGUAGE_STANDARD = gnu11;
				GCC_NO_COMMON_BLOCKS = YES;
				GCC_WARN_64_TO_32_BIT_CONVERSION = YES;
				GCC_WARN_ABOUT_RETURN_TYPE = YES_ERROR;
				GCC_WARN_UNDECLARED_SELECTOR = YES;
				GCC_WARN_UNINITIALIZED_AUTOS = YES_AGGRESSIVE;
				GCC_WARN_UNUSED_FUNCTION = YES;
				GCC_WARN_UNUSED_VARIABLE = YES;
				IPHONEOS_DEPLOYMENT_TARGET = 13.6;
				MTL_ENABLE_DEBUG_INFO = NO;
				MTL_FAST_MATH = YES;
				SDKROOT = iphoneos;
				SWIFT_COMPILATION_MODE = wholemodule;
				SWIFT_OPTIMIZATION_LEVEL = "-O";
				VALIDATE_PRODUCT = YES;
			};
			name = Release;
		};
		B735DB1C272F2AD800D3C4F4 /* Debug */ = {
			isa = XCBuildConfiguration;
			baseConfigurationReference = 5C283678C0510DE281ECB2C2 /* Pods-Project.debug.xcconfig */;
			buildSettings = {
				ASSETCATALOG_COMPILER_APPICON_NAME = AppIcon;
				CLANG_ENABLE_MODULES = YES;
				CODE_SIGN_STYLE = Automatic;
				INFOPLIST_FILE = Project/Info.plist;
				IPHONEOS_DEPLOYMENT_TARGET = 13.6;
				LD_RUNPATH_SEARCH_PATHS = (
					"$(inherited)",
					"@executable_path/Frameworks",
				);
				PRODUCT_BUNDLE_IDENTIFIER = lec2.Project;
				PRODUCT_NAME = "$(TARGET_NAME)";
				SWIFT_OBJC_BRIDGING_HEADER = "Project/Project-Bridging-Header.h";
				SWIFT_OPTIMIZATION_LEVEL = "-Onone";
				SWIFT_VERSION = 5.0;
				TARGETED_DEVICE_FAMILY = "1,2";
			};
			name = Debug;
		};
		B735DB1D272F2AD800D3C4F4 /* Release */ = {
			isa = XCBuildConfiguration;
			baseConfigurationReference = 0A6591A12917A349C2A2112B /* Pods-Project.release.xcconfig */;
			buildSettings = {
				ASSETCATALOG_COMPILER_APPICON_NAME = AppIcon;
				CLANG_ENABLE_MODULES = YES;
				CODE_SIGN_STYLE = Automatic;
				INFOPLIST_FILE = Project/Info.plist;
				IPHONEOS_DEPLOYMENT_TARGET = 13.6;
				LD_RUNPATH_SEARCH_PATHS = (
					"$(inherited)",
					"@executable_path/Frameworks",
				);
				PRODUCT_BUNDLE_IDENTIFIER = lec2.Project;
				PRODUCT_NAME = "$(TARGET_NAME)";
				SWIFT_OBJC_BRIDGING_HEADER = "Project/Project-Bridging-Header.h";
				SWIFT_VERSION = 5.0;
				TARGETED_DEVICE_FAMILY = "1,2";
			};
			name = Release;
		};
/* End XCBuildConfiguration section */

/* Begin XCConfigurationList section */
		B735DAEC272F2AD500D3C4F4 /* Build configuration list for PBXProject "Project" */ = {
			isa = XCConfigurationList;
			buildConfigurations = (
				B735DB19272F2AD800D3C4F4 /* Debug */,
				B735DB1A272F2AD800D3C4F4 /* Release */,
			);
			defaultConfigurationIsVisible = 0;
			defaultConfigurationName = Release;
		};
		B735DB1B272F2AD800D3C4F4 /* Build configuration list for PBXNativeTarget "Project" */ = {
			isa = XCConfigurationList;
			buildConfigurations = (
				B735DB1C272F2AD800D3C4F4 /* Debug */,
				B735DB1D272F2AD800D3C4F4 /* Release */,
			);
			defaultConfigurationIsVisible = 0;
			defaultConfigurationName = Release;
		};
/* End XCConfigurationList section */
	};
	rootObject = B735DAE9272F2AD500D3C4F4 /* Project object */;
}
